
Microsoft Visual Studio Solution File, Format Version 12.00
# Visual Studio Version 17
VisualStudioVersion = 17.8.34322.80
MinimumVisualStudioVersion = 10.0.40219.1
Project("{FAE04EC0-301F-11D3-BF4B-00C04F79EFBC}") = "WinFormsApp1", "WinFormsApp1.csproj", "{BDCED2E1-0F7C-4EF3-A1CC-77AF46D5433B}"
EndProject
Global
	GlobalSection(SolutionConfigurationPlatforms) = preSolution
		Debug|Any CPU = Debug|Any CPU
		Release|Any CPU = Release|Any CPU
	EndGlobalSection
	GlobalSection(ProjectConfigurationPlatforms) = postSolution
		{BDCED2E1-0F7C-4EF3-A1CC-77AF46D5433B}.Debug|Any CPU.ActiveCfg = Debug|Any CPU
		{BDCED2E1-0F7C-4EF3-A1CC-77AF46D5433B}.Debug|Any CPU.Build.0 = Debug|Any CPU
		{BDCED2E1-0F7C-4EF3-A1CC-77AF46D5433B}.Release|Any CPU.ActiveCfg = Release|Any CPU
		{BDCED2E1-0F7C-4EF3-A1CC-77AF46D5433B}.Release|Any CPU.Build.0 = Release|Any CPU
	EndGlobalSection
	GlobalSection(SolutionProperties) = preSolution
		HideSolutionNode = FALSE
	EndGlobalSection
	GlobalSection(ExtensibilityGlobals) = postSolution
		SolutionGuid = {B09D6BCB-106B-48FB-9C11-EE1FEB5A3529}
	EndGlobalSection
EndGlobal
